Microsoft Visual Studio Solution File, Format Version 12.00
# Visual Studio Version 17
VisualStudioVersion = 17.5.2.0
MinimumVisualStudioVersion = 10.0.40219.1
Project("{FAE04EC0-301F-11D3-BF4B-00C04F79EFBC}") = "area_terreno", "area_terreno\area_terreno.csproj", "{B73B08D5-011D-BFEF-D400-0264CF27E62E}"
EndProject
Global
	GlobalSection(SolutionConfigurationPlatforms) = preSolution
		Debug|Any CPU = Debug|Any CPU
		Release|Any CPU = Release|Any CPU
	EndGlobalSection
	GlobalSection(ProjectConfigurationPlatforms) = postSolution
		{B73B08D5-011D-BFEF-D400-0264CF27E62E}.Debug|Any CPU.ActiveCfg = Debug|Any CPU
		{B73B08D5-011D-BFEF-D400-0264CF27E62E}.Debug|Any CPU.Build.0 = Debug|Any CPU
		{B73B08D5-011D-BFEF-D400-0264CF27E62E}.Release|Any CPU.ActiveCfg = Release|Any CPU
		{B73B08D5-011D-BFEF-D400-0264CF27E62E}.Release|Any CPU.Build.0 = Release|Any CPU
	EndGlobalSection
	GlobalSection(SolutionProperties) = preSolution
		HideSolutionNode = FALSE
	EndGlobalSection
	GlobalSection(ExtensibilityGlobals) = postSolution
		SolutionGuid = {4EE2A4A5-7822-45A2-A436-DCB9C9CBD28D}
	EndGlobalSection
EndGlobal
